
Microsoft Visual Studio Solution File, Format Version 12.00
# Visual Studio Version 17
VisualStudioVersion = 17.0.31903.59
MinimumVisualStudioVersion = 10.0.40219.1
Project("{FAE04EC0-301F-11D3-BF4B-00C04F79EFBC}") = "Exercicio2LINQ", "Exercicio2LINQ.csproj", "{6318554B-F1C0-49E5-8B35-6993140FFCDF}"
EndProject
Global
	GlobalSection(SolutionConfigurationPlatforms) = preSolution
		Debug|Any CPU = Debug|Any CPU
		Release|Any CPU = Release|Any CPU
	EndGlobalSection
	GlobalSection(ProjectConfigurationPlatforms) = postSolution
		{6318554B-F1C0-49E5-8B35-6993140FFCDF}.Debug|Any CPU.ActiveCfg = Debug|Any CPU
		{6318554B-F1C0-49E5-8B35-6993140FFCDF}.Debug|Any CPU.Build.0 = Debug|Any CPU
		{6318554B-F1C0-49E5-8B35-6993140FFCDF}.Release|Any CPU.ActiveCfg = Release|Any CPU
		{6318554B-F1C0-49E5-8B35-6993140FFCDF}.Release|Any CPU.Build.0 = Release|Any CPU
	EndGlobalSection
	GlobalSection(SolutionProperties) = preSolution
		HideSolutionNode = FALSE
	EndGlobalSection
	GlobalSection(ExtensibilityGlobals) = postSolution
		SolutionGuid = {6884DFBD-D057-449B-BDC8-5989023A7D5F}
	EndGlobalSection
EndGlobal
