
Microsoft Visual Studio Solution File, Format Version 12.00
# Visual Studio Version 17
VisualStudioVersion = 17.0.31903.59
MinimumVisualStudioVersion = 10.0.40219.1
Project("{FAE04EC0-301F-11D3-BF4B-00C04F79EFBC}") = "Exercicio1Aulas", "Exercicio1Aulas.csproj", "{017C6DA2-C35C-4D9D-BAD0-888AB9B7516C}"
EndProject
Global
	GlobalSection(SolutionConfigurationPlatforms) = preSolution
		Debug|Any CPU = Debug|Any CPU
		Release|Any CPU = Release|Any CPU
	EndGlobalSection
	GlobalSection(ProjectConfigurationPlatforms) = postSolution
		{017C6DA2-C35C-4D9D-BAD0-888AB9B7516C}.Debug|Any CPU.ActiveCfg = Debug|Any CPU
		{017C6DA2-C35C-4D9D-BAD0-888AB9B7516C}.Debug|Any CPU.Build.0 = Debug|Any CPU
		{017C6DA2-C35C-4D9D-BAD0-888AB9B7516C}.Release|Any CPU.ActiveCfg = Release|Any CPU
		{017C6DA2-C35C-4D9D-BAD0-888AB9B7516C}.Release|Any CPU.Build.0 = Release|Any CPU
	EndGlobalSection
	GlobalSection(SolutionProperties) = preSolution
		HideSolutionNode = FALSE
	EndGlobalSection
	GlobalSection(ExtensibilityGlobals) = postSolution
		SolutionGuid = {C654D9E3-D5A9-4661-AE7F-9B16B9BAD1A8}
	EndGlobalSection
EndGlobal
